
Microsoft Visual Studio Solution File, Format Version 12.00
# Visual Studio Version 17
VisualStudioVersion = 17.4.33213.308
MinimumVisualStudioVersion = 10.0.40219.1
Project("{9A19103F-16F7-4668-BE54-9A1E7A4F7556}") = "user.api", "services\user.api\user.api.csproj", "{4CA93286-FE88-4566-8EBF-2A08C8C0980D}"
EndProject
Project("{E53339B2-1760-4266-BCC7-CA923CBCF16C}") = "docker-compose", "docker-compose.dcproj", "{4FFC7763-965F-45F2-ABF1-1DD4E8B32DB6}"
EndProject
Project("{9A19103F-16F7-4668-BE54-9A1E7A4F7556}") = "user.bll", "services\user.bll\user.bll.csproj", "{4D185BCC-F937-4AA2-9A18-6BED25FD0771}"
EndProject
Project("{9A19103F-16F7-4668-BE54-9A1E7A4F7556}") = "user.dal", "services\user.dal\user.dal.csproj", "{0F393605-D028-4FF3-9B93-9E09419B1574}"
EndProject
Project("{9A19103F-16F7-4668-BE54-9A1E7A4F7556}") = "apigateway.api", "apigateway.api\apigateway.api.csproj", "{D9AB99C7-7E4C-40C2-8CDA-AFF7ED3A2717}"
EndProject
Project("{9A19103F-16F7-4668-BE54-9A1E7A4F7556}") = "lobby.api", "services\lobby.api\lobby.api.csproj", "{6843CAD0-7D90-4EAB-8AC2-50C2E9AE9972}"
EndProject
Project("{9A19103F-16F7-4668-BE54-9A1E7A4F7556}") = "lobby.bll", "services\lobby.bll\lobby.bll.csproj", "{9C1BE296-5ACD-404C-AF82-4E9476BDED60}"
EndProject
Project("{9A19103F-16F7-4668-BE54-9A1E7A4F7556}") = "lobby.dal", "services\lobby.dal\lobby.dal.csproj", "{47F29142-EC86-4BF6-83A7-1EE7EDEADE58}"
EndProject
Project("{9A19103F-16F7-4668-BE54-9A1E7A4F7556}") = "shop.dal", "services\shop.dal\shop.dal.csproj", "{96CCB512-85E9-449C-AD31-507373C9E056}"
EndProject
Project("{9A19103F-16F7-4668-BE54-9A1E7A4F7556}") = "shop.bll", "services\shop.bll\shop.bll.csproj", "{8817F1F2-8115-4C50-81B9-56D8142BC6F4}"
	ProjectSection(ProjectDependencies) = postProject
		{96CCB512-85E9-449C-AD31-507373C9E056} = {96CCB512-85E9-449C-AD31-507373C9E056}
	EndProjectSection
EndProject
Project("{9A19103F-16F7-4668-BE54-9A1E7A4F7556}") = "shop.api", "services\shop.api\shop.api.csproj", "{2951320F-942F-4713-904C-FB383A8E1ECC}"
	ProjectSection(ProjectDependencies) = postProject
		{8817F1F2-8115-4C50-81B9-56D8142BC6F4} = {8817F1F2-8115-4C50-81B9-56D8142BC6F4}
	EndProjectSection
EndProject
Project("{9A19103F-16F7-4668-BE54-9A1E7A4F7556}") = "game.api", "services\game.api\game.api.csproj", "{7FE94973-6114-4A42-9C73-AB32B0A91166}"
EndProject
Project("{9A19103F-16F7-4668-BE54-9A1E7A4F7556}") = "game.bll", "services\game.bll\game.bll.csproj", "{F7A91FE7-0921-4DCD-BBAE-F4BD10986D13}"
EndProject
Project("{9A19103F-16F7-4668-BE54-9A1E7A4F7556}") = "game.dal", "services\game.dal\game.dal.csproj", "{05C8C8A2-E1CC-48B7-A3C4-24993E77105F}"
EndProject
Project("{9A19103F-16F7-4668-BE54-9A1E7A4F7556}") = "shared.api", "services\shared.api\shared.api.csproj", "{7DA55BC1-6DE7-41C9-8EF1-0D9F3880174F}"
EndProject
Project("{9A19103F-16F7-4668-BE54-9A1E7A4F7556}") = "shared.bll", "services\shared.bll\shared.bll.csproj", "{D8F59D2D-2C85-47B7-AC83-1B2E571818C7}"
EndProject
Project("{9A19103F-16F7-4668-BE54-9A1E7A4F7556}") = "shared.dal", "services\shared.dal\shared.dal.csproj", "{889A4EAF-DC61-4C50-9FBB-C04300012EEC}"
EndProject
Project("{FAE04EC0-301F-11D3-BF4B-00C04F79EFBC}") = "game.test", "services\game.test\game.test.csproj", "{25B5CC82-F0F8-4E37-AC4C-684D6FEEF75C}"
EndProject
Global
	GlobalSection(SolutionConfigurationPlatforms) = preSolution
		Debug|Any CPU = Debug|Any CPU
		Release|Any CPU = Release|Any CPU
	EndGlobalSection
	GlobalSection(ProjectConfigurationPlatforms) = postSolution
		{4CA93286-FE88-4566-8EBF-2A08C8C0980D}.Debug|Any CPU.ActiveCfg = Debug|Any CPU
		{4CA93286-FE88-4566-8EBF-2A08C8C0980D}.Debug|Any CPU.Build.0 = Debug|Any CPU
		{4CA93286-FE88-4566-8EBF-2A08C8C0980D}.Release|Any CPU.ActiveCfg = Release|Any CPU
		{4CA93286-FE88-4566-8EBF-2A08C8C0980D}.Release|Any CPU.Build.0 = Release|Any CPU
		{4FFC7763-965F-45F2-ABF1-1DD4E8B32DB6}.Debug|Any CPU.ActiveCfg = Debug|Any CPU
		{4FFC7763-965F-45F2-ABF1-1DD4E8B32DB6}.Debug|Any CPU.Build.0 = Debug|Any CPU
		{4FFC7763-965F-45F2-ABF1-1DD4E8B32DB6}.Release|Any CPU.ActiveCfg = Release|Any CPU
		{4FFC7763-965F-45F2-ABF1-1DD4E8B32DB6}.Release|Any CPU.Build.0 = Release|Any CPU
		{4D185BCC-F937-4AA2-9A18-6BED25FD0771}.Debug|Any CPU.ActiveCfg = Debug|Any CPU
		{4D185BCC-F937-4AA2-9A18-6BED25FD0771}.Debug|Any CPU.Build.0 = Debug|Any CPU
		{4D185BCC-F937-4AA2-9A18-6BED25FD0771}.Release|Any CPU.ActiveCfg = Release|Any CPU
		{4D185BCC-F937-4AA2-9A18-6BED25FD0771}.Release|Any CPU.Build.0 = Release|Any CPU
		{0F393605-D028-4FF3-9B93-9E09419B1574}.Debug|Any CPU.ActiveCfg = Debug|Any CPU
		{0F393605-D028-4FF3-9B93-9E09419B1574}.Debug|Any CPU.Build.0 = Debug|Any CPU
		{0F393605-D028-4FF3-9B93-9E09419B1574}.Release|Any CPU.ActiveCfg = Release|Any CPU
		{0F393605-D028-4FF3-9B93-9E09419B1574}.Release|Any CPU.Build.0 = Release|Any CPU
		{D9AB99C7-7E4C-40C2-8CDA-AFF7ED3A2717}.Debug|Any CPU.ActiveCfg = Debug|Any CPU
		{D9AB99C7-7E4C-40C2-8CDA-AFF7ED3A2717}.Debug|Any CPU.Build.0 = Debug|Any CPU
		{D9AB99C7-7E4C-40C2-8CDA-AFF7ED3A2717}.Release|Any CPU.ActiveCfg = Release|Any CPU
		{D9AB99C7-7E4C-40C2-8CDA-AFF7ED3A2717}.Release|Any CPU.Build.0 = Release|Any CPU
		{6843CAD0-7D90-4EAB-8AC2-50C2E9AE9972}.Debug|Any CPU.ActiveCfg = Debug|Any CPU
		{6843CAD0-7D90-4EAB-8AC2-50C2E9AE9972}.Debug|Any CPU.Build.0 = Debug|Any CPU
		{6843CAD0-7D90-4EAB-8AC2-50C2E9AE9972}.Release|Any CPU.ActiveCfg = Release|Any CPU
		{6843CAD0-7D90-4EAB-8AC2-50C2E9AE9972}.Release|Any CPU.Build.0 = Release|Any CPU
		{9C1BE296-5ACD-404C-AF82-4E9476BDED60}.Debug|Any CPU.ActiveCfg = Debug|Any CPU
		{9C1BE296-5ACD-404C-AF82-4E9476BDED60}.Debug|Any CPU.Build.0 = Debug|Any CPU
		{9C1BE296-5ACD-404C-AF82-4E9476BDED60}.Release|Any CPU.ActiveCfg = Release|Any CPU
		{9C1BE296-5ACD-404C-AF82-4E9476BDED60}.Release|Any CPU.Build.0 = Release|Any CPU
		{47F29142-EC86-4BF6-83A7-1EE7EDEADE58}.Debug|Any CPU.ActiveCfg = Debug|Any CPU
		{47F29142-EC86-4BF6-83A7-1EE7EDEADE58}.Debug|Any CPU.Build.0 = Debug|Any CPU
		{47F29142-EC86-4BF6-83A7-1EE7EDEADE58}.Release|Any CPU.ActiveCfg = Release|Any CPU
		{47F29142-EC86-4BF6-83A7-1EE7EDEADE58}.Release|Any CPU.Build.0 = Release|Any CPU
		{96CCB512-85E9-449C-AD31-507373C9E056}.Debug|Any CPU.ActiveCfg = Debug|Any CPU
		{96CCB512-85E9-449C-AD31-507373C9E056}.Debug|Any CPU.Build.0 = Debug|Any CPU
		{96CCB512-85E9-449C-AD31-507373C9E056}.Release|Any CPU.ActiveCfg = Release|Any CPU
		{96CCB512-85E9-449C-AD31-507373C9E056}.Release|Any CPU.Build.0 = Release|Any CPU
		{8817F1F2-8115-4C50-81B9-56D8142BC6F4}.Debug|Any CPU.ActiveCfg = Debug|Any CPU
		{8817F1F2-8115-4C50-81B9-56D8142BC6F4}.Debug|Any CPU.Build.0 = Debug|Any CPU
		{8817F1F2-8115-4C50-81B9-56D8142BC6F4}.Release|Any CPU.ActiveCfg = Release|Any CPU
		{8817F1F2-8115-4C50-81B9-56D8142BC6F4}.Release|Any CPU.Build.0 = Release|Any CPU
		{2951320F-942F-4713-904C-FB383A8E1ECC}.Debug|Any CPU.ActiveCfg = Debug|Any CPU
		{2951320F-942F-4713-904C-FB383A8E1ECC}.Debug|Any CPU.Build.0 = Debug|Any CPU
		{2951320F-942F-4713-904C-FB383A8E1ECC}.Release|Any CPU.ActiveCfg = Release|Any CPU
		{2951320F-942F-4713-904C-FB383A8E1ECC}.Release|Any CPU.Build.0 = Release|Any CPU
		{7FE94973-6114-4A42-9C73-AB32B0A91166}.Debug|Any CPU.ActiveCfg = Debug|Any CPU
		{7FE94973-6114-4A42-9C73-AB32B0A91166}.Debug|Any CPU.Build.0 = Debug|Any CPU
		{7FE94973-6114-4A42-9C73-AB32B0A91166}.Release|Any CPU.ActiveCfg = Release|Any CPU
		{7FE94973-6114-4A42-9C73-AB32B0A91166}.Release|Any CPU.Build.0 = Release|Any CPU
		{F7A91FE7-0921-4DCD-BBAE-F4BD10986D13}.Debug|Any CPU.ActiveCfg = Debug|Any CPU
		{F7A91FE7-0921-4DCD-BBAE-F4BD10986D13}.Debug|Any CPU.Build.0 = Debug|Any CPU
		{F7A91FE7-0921-4DCD-BBAE-F4BD10986D13}.Release|Any CPU.ActiveCfg = Release|Any CPU
		{F7A91FE7-0921-4DCD-BBAE-F4BD10986D13}.Release|Any CPU.Build.0 = Release|Any CPU
		{05C8C8A2-E1CC-48B7-A3C4-24993E77105F}.Debug|Any CPU.ActiveCfg = Debug|Any CPU
		{05C8C8A2-E1CC-48B7-A3C4-24993E77105F}.Debug|Any CPU.Build.0 = Debug|Any CPU
		{05C8C8A2-E1CC-48B7-A3C4-24993E77105F}.Release|Any CPU.ActiveCfg = Release|Any CPU
		{05C8C8A2-E1CC-48B7-A3C4-24993E77105F}.Release|Any CPU.Build.0 = Release|Any CPU
		{7DA55BC1-6DE7-41C9-8EF1-0D9F3880174F}.Debug|Any CPU.ActiveCfg = Debug|Any CPU
		{7DA55BC1-6DE7-41C9-8EF1-0D9F3880174F}.Debug|Any CPU.Build.0 = Debug|Any CPU
		{7DA55BC1-6DE7-41C9-8EF1-0D9F3880174F}.Release|Any CPU.ActiveCfg = Release|Any CPU
		{7DA55BC1-6DE7-41C9-8EF1-0D9F3880174F}.Release|Any CPU.Build.0 = Release|Any CPU
		{D8F59D2D-2C85-47B7-AC83-1B2E571818C7}.Debug|Any CPU.ActiveCfg = Debug|Any CPU
		{D8F59D2D-2C85-47B7-AC83-1B2E571818C7}.Debug|Any CPU.Build.0 = Debug|Any CPU
		{D8F59D2D-2C85-47B7-AC83-1B2E571818C7}.Release|Any CPU.ActiveCfg = Release|Any CPU
		{D8F59D2D-2C85-47B7-AC83-1B2E571818C7}.Release|Any CPU.Build.0 = Release|Any CPU
		{889A4EAF-DC61-4C50-9FBB-C04300012EEC}.Debug|Any CPU.ActiveCfg = Debug|Any CPU
		{889A4EAF-DC61-4C50-9FBB-C04300012EEC}.Debug|Any CPU.Build.0 = Debug|Any CPU
		{889A4EAF-DC61-4C50-9FBB-C04300012EEC}.Release|Any CPU.ActiveCfg = Release|Any CPU
		{889A4EAF-DC61-4C50-9FBB-C04300012EEC}.Release|Any CPU.Build.0 = Release|Any CPU
		{25B5CC82-F0F8-4E37-AC4C-684D6FEEF75C}.Debug|Any CPU.ActiveCfg = Debug|Any CPU
		{25B5CC82-F0F8-4E37-AC4C-684D6FEEF75C}.Debug|Any CPU.Build.0 = Debug|Any CPU
		{25B5CC82-F0F8-4E37-AC4C-684D6FEEF75C}.Release|Any CPU.ActiveCfg = Release|Any CPU
		{25B5CC82-F0F8-4E37-AC4C-684D6FEEF75C}.Release|Any CPU.Build.0 = Release|Any CPU
	EndGlobalSection
	GlobalSection(SolutionProperties) = preSolution
		HideSolutionNode = FALSE
	EndGlobalSection
	GlobalSection(ExtensibilityGlobals) = postSolution
		SolutionGuid = {CC5450AF-D2DA-40CD-8AF4-1D8DB7A08A24}
	EndGlobalSection
EndGlobal
